
Microsoft Visual Studio Solution File, Format Version 12.00
# Visual Studio Version 17
VisualStudioVersion = 17.13.35931.197 d17.13
MinimumVisualStudioVersion = 10.0.40219.1
Project("{FAE04EC0-301F-11D3-BF4B-00C04F79EFBC}") = "Demo", "Demo\Demo.csproj", "{09A34EE9-7CDF-48CA-A2A9-51CE0DDADB53}"
EndProject
Project("{FAE04EC0-301F-11D3-BF4B-00C04F79EFBC}") = "Assignment", "Assignment\Assignment.csproj", "{78AF61E2-6DEB-4B65-8843-480DFEBCAA02}"
EndProject
Global
	GlobalSection(SolutionConfigurationPlatforms) = preSolution
		Debug|Any CPU = Debug|Any CPU
		Release|Any CPU = Release|Any CPU
	EndGlobalSection
	GlobalSection(ProjectConfigurationPlatforms) = postSolution
		{09A34EE9-7CDF-48CA-A2A9-51CE0DDADB53}.Debug|Any CPU.ActiveCfg = Debug|Any CPU
		{09A34EE9-7CDF-48CA-A2A9-51CE0DDADB53}.Debug|Any CPU.Build.0 = Debug|Any CPU
		{09A34EE9-7CDF-48CA-A2A9-51CE0DDADB53}.Release|Any CPU.ActiveCfg = Release|Any CPU
		{09A34EE9-7CDF-48CA-A2A9-51CE0DDADB53}.Release|Any CPU.Build.0 = Release|Any CPU
		{78AF61E2-6DEB-4B65-8843-480DFEBCAA02}.Debug|Any CPU.ActiveCfg = Debug|Any CPU
		{78AF61E2-6DEB-4B65-8843-480DFEBCAA02}.Debug|Any CPU.Build.0 = Debug|Any CPU
		{78AF61E2-6DEB-4B65-8843-480DFEBCAA02}.Release|Any CPU.ActiveCfg = Release|Any CPU
		{78AF61E2-6DEB-4B65-8843-480DFEBCAA02}.Release|Any CPU.Build.0 = Release|Any CPU
	EndGlobalSection
	GlobalSection(SolutionProperties) = preSolution
		HideSolutionNode = FALSE
	EndGlobalSection
	GlobalSection(ExtensibilityGlobals) = postSolution
		SolutionGuid = {7D94DD92-7293-47CC-A8A6-179C2BC66BF6}
	EndGlobalSection
EndGlobal
